
Microsoft Visual Studio Solution File, Format Version 12.00
# Visual Studio Version 16
VisualStudioVersion = 16.0.33214.272
MinimumVisualStudioVersion = 10.0.40219.1
Project("{FAE04EC0-301F-11D3-BF4B-00C04F79EFBC}") = "310123", "310123.csproj", "{4A3A65CA-A8FE-40C8-9B27-83C84755071F}"
EndProject
Global
	GlobalSection(SolutionConfigurationPlatforms) = preSolution
		Debug|Any CPU = Debug|Any CPU
		Release|Any CPU = Release|Any CPU
	EndGlobalSection
	GlobalSection(ProjectConfigurationPlatforms) = postSolution
		{4A3A65CA-A8FE-40C8-9B27-83C84755071F}.Debug|Any CPU.ActiveCfg = Debug|Any CPU
		{4A3A65CA-A8FE-40C8-9B27-83C84755071F}.Debug|Any CPU.Build.0 = Debug|Any CPU
		{4A3A65CA-A8FE-40C8-9B27-83C84755071F}.Release|Any CPU.ActiveCfg = Release|Any CPU
		{4A3A65CA-A8FE-40C8-9B27-83C84755071F}.Release|Any CPU.Build.0 = Release|Any CPU
	EndGlobalSection
	GlobalSection(SolutionProperties) = preSolution
		HideSolutionNode = FALSE
	EndGlobalSection
	GlobalSection(ExtensibilityGlobals) = postSolution
		SolutionGuid = {23EA940E-8A92-43FD-8F5C-57C9ECD27708}
	EndGlobalSection
EndGlobal
